
Microsoft Visual Studio Solution File, Format Version 12.00
# Visual Studio Version 17
VisualStudioVersion = 17.9.34616.47
MinimumVisualStudioVersion = 10.0.40219.1
Project("{9A19103F-16F7-4668-BE54-9A1E7A4F7556}") = "TaskManager.WebMVC", "TaskManager.WebMVC\TaskManager.WebMVC.csproj", "{44C858DE-1CA5-4E41-9B33-8F0D34A1FB04}"
EndProject
Project("{9A19103F-16F7-4668-BE54-9A1E7A4F7556}") = "TaskManager.Core", "TaskManager.Core\TaskManager.Core.csproj", "{5C0AACD4-6617-4F2E-9D99-51B2458B3504}"
EndProject
Global
	GlobalSection(SolutionConfigurationPlatforms) = preSolution
		Debug|Any CPU = Debug|Any CPU
		Release|Any CPU = Release|Any CPU
	EndGlobalSection
	GlobalSection(ProjectConfigurationPlatforms) = postSolution
		{44C858DE-1CA5-4E41-9B33-8F0D34A1FB04}.Debug|Any CPU.ActiveCfg = Debug|Any CPU
		{44C858DE-1CA5-4E41-9B33-8F0D34A1FB04}.Debug|Any CPU.Build.0 = Debug|Any CPU
		{44C858DE-1CA5-4E41-9B33-8F0D34A1FB04}.Release|Any CPU.ActiveCfg = Release|Any CPU
		{44C858DE-1CA5-4E41-9B33-8F0D34A1FB04}.Release|Any CPU.Build.0 = Release|Any CPU
		{5C0AACD4-6617-4F2E-9D99-51B2458B3504}.Debug|Any CPU.ActiveCfg = Debug|Any CPU
		{5C0AACD4-6617-4F2E-9D99-51B2458B3504}.Debug|Any CPU.Build.0 = Debug|Any CPU
		{5C0AACD4-6617-4F2E-9D99-51B2458B3504}.Release|Any CPU.ActiveCfg = Release|Any CPU
		{5C0AACD4-6617-4F2E-9D99-51B2458B3504}.Release|Any CPU.Build.0 = Release|Any CPU
	EndGlobalSection
	GlobalSection(SolutionProperties) = preSolution
		HideSolutionNode = FALSE
	EndGlobalSection
	GlobalSection(ExtensibilityGlobals) = postSolution
		SolutionGuid = {F4668B16-AC9C-478E-AB7B-BC5E201BB49E}
	EndGlobalSection
EndGlobal
